// !$*UTF8*$!
{
	archiveVersion = 1;
	classes = {
	};
	objectVersion = 46;
	objects = {

/* Begin PBXBuildFile section */
		85EFFFC51A707BD800A11CAE /* editar.m in Sources */ = {isa = PBXBuildFile; fileRef = 85EFFFC41A707BD800A11CAE /* editar.m */; };
		85F119EB1A6C972F00A8CA9B /* main.m in Sources */ = {isa = PBXBuildFile; fileRef = 85F119EA1A6C972F00A8CA9B /* main.m */; };
		85F119EE1A6C972F00A8CA9B /* AppDelegate.m in Sources */ = {isa = PBXBuildFile; fileRef = 85F119ED1A6C972F00A8CA9B /* AppDelegate.m */; };
		85F119F11A6C972F00A8CA9B /* ViewController.m in Sources */ = {isa = PBXBuildFile; fileRef = 85F119F01A6C972F00A8CA9B /* ViewController.m */; };
		85F119F41A6C972F00A8CA9B /* Main.storyboard in Resources */ = {isa = PBXBuildFile; fileRef = 85F119F21A6C972F00A8CA9B /* Main.storyboard */; };
		85F119F61A6C972F00A8CA9B /* Images.xcassets in Resources */ = {isa = PBXBuildFile; fileRef = 85F119F51A6C972F00A8CA9B /* Images.xcassets */; };
		85F119F91A6C972F00A8CA9B /* LaunchScreen.xib in Resources */ = {isa = PBXBuildFile; fileRef = 85F119F71A6C972F00A8CA9B /* LaunchScreen.xib */; };
		85F11A051A6C972F00A8CA9B /* Lab01Tests.m in Sources */ = {isa = PBXBuildFile; fileRef = 85F11A041A6C972F00A8CA9B /* Lab01Tests.m */; };
		85F11A551A6C99CB00A8CA9B /* v_chop.jpg in Resources */ = {isa = PBXBuildFile; fileRef = 85F11A501A6C99CB00A8CA9B /* v_chop.jpg */; };
		85F11A561A6C99CB00A8CA9B /* v_franklin.jpg in Resources */ = {isa = PBXBuildFile; fileRef = 85F11A511A6C99CB00A8CA9B /* v_franklin.jpg */; };
		85F11A571A6C99CB00A8CA9B /* v_michael.jpg in Resources */ = {isa = PBXBuildFile; fileRef = 85F11A521A6C99CB00A8CA9B /* v_michael.jpg */; };
		85F11A581A6C99CB00A8CA9B /* v_starlet.jpg in Resources */ = {isa = PBXBuildFile; fileRef = 85F11A531A6C99CB00A8CA9B /* v_starlet.jpg */; };
		85F11A591A6C99CB00A8CA9B /* v_trevor.jpg in Resources */ = {isa = PBXBuildFile; fileRef = 85F11A541A6C99CB00A8CA9B /* v_trevor.jpg */; };
		85F11A5C1A6CB1C000A8CA9B /* SegundaVista.m in Sources */ = {isa = PBXBuildFile; fileRef = 85F11A5B1A6CB1C000A8CA9B /* SegundaVista.m */; };
/* End PBXBuildFile section */

/* Begin PBXContainerItemProxy section */
		85F119FF1A6C972F00A8CA9B /* PBXContainerItemProxy */ = {
			isa = PBXContainerItemProxy;
			containerPortal = 85F119DD1A6C972F00A8CA9B /* Project object */;
			proxyType = 1;
			remoteGlobalIDString = 85F119E41A6C972F00A8CA9B;
			remoteInfo = Lab01;
		};
/* End PBXContainerItemProxy section */

/* Begin PBXFileReference section */
		85EFFFC31A707BD800A11CAE /* editar.h */ = {isa = PBXFileReference; fileEncoding = 4; lastKnownFileType = sourcecode.c.h; path = editar.h; sourceTree = "<group>"; };
		85EFFFC41A707BD800A11CAE /* editar.m */ = {isa = PBXFileReference; fileEncoding = 4; lastKnownFileType = sourcecode.c.objc; path = editar.m; sourceTree = "<group>"; };
		85F119E51A6C972F00A8CA9B /* Lab01.app */ = {isa = PBXFileReference; explicitFileType = wrapper.application; includeInIndex = 0; path = Lab01.app; sourceTree = BUILT_PRODUCTS_DIR; };
		85F119E91A6C972F00A8CA9B /* Info.plist */ = {isa = PBXFileReference; lastKnownFileType = text.plist.xml; path = Info.plist; sourceTree = "<group>"; };
		85F119EA1A6C972F00A8CA9B /* main.m */ = {isa = PBXFileReference; lastKnownFileType = sourcecode.c.objc; path = main.m; sourceTree = "<group>"; };
		85F119EC1A6C972F00A8CA9B /* AppDelegate.h */ = {isa = PBXFileReference; lastKnownFileType = sourcecode.c.h; path = AppDelegate.h; sourceTree = "<group>"; };
		85F119ED1A6C972F00A8CA9B /* AppDelegate.m */ = {isa = PBXFileReference; lastKnownFileType = sourcecode.c.objc; path = AppDelegate.m; sourceTree = "<group>"; };
		85F119EF1A6C972F00A8CA9B /* ViewController.h */ = {isa = PBXFileReference; lastKnownFileType = sourcecode.c.h; path = ViewController.h; sourceTree = "<group>"; };
		85F119F01A6C972F00A8CA9B /* ViewController.m */ = {isa = PBXFileReference; lastKnownFileType = sourcecode.c.objc; path = ViewController.m; sourceTree = "<group>"; };
		85F119F31A6C972F00A8CA9B /* Base */ = {isa = PBXFileReference; lastKnownFileType = file.storyboard; name = Base; path = Base.lproj/Main.storyboard; sourceTree = "<group>"; };
		85F119F51A6C972F00A8CA9B /* Images.xcassets */ = {isa = PBXFileReference; lastKnownFileType = folder.assetcatalog; path = Images.xcassets; sourceTree = "<group>"; };
		85F119F81A6C972F00A8CA9B /* Base */ = {isa = PBXFileReference; lastKnownFileType = file.xib; name = Base; path = Base.lproj/LaunchScreen.xib; sourceTree = "<group>"; };
		85F119FE1A6C972F00A8CA9B /* Lab01Tests.xctest */ = {isa = PBXFileReference; explicitFileType = wrapper.cfbundle; includeInIndex = 0; path = Lab01Tests.xctest; sourceTree = BUILT_PRODUCTS_DIR; };
		85F11A031A6C972F00A8CA9B /* Info.plist */ = {isa = PBXFileReference; lastKnownFileType = text.plist.xml; path = Info.plist; sourceTree = "<group>"; };
		85F11A041A6C972F00A8CA9B /* Lab01Tests.m */ = {isa = PBXFileReference; lastKnownFileType = sourcecode.c.objc; path = Lab01Tests.m; sourceTree = "<group>"; };
		85F11A501A6C99CB00A8CA9B /* v_chop.jpg */ = {isa = PBXFileReference; lastKnownFileType = image.jpeg; name = v_chop.jpg; path = ../practica1/practica1/v_chop.jpg; sourceTree = "<group>"; };
		85F11A511A6C99CB00A8CA9B /* v_franklin.jpg */ = {isa = PBXFileReference; lastKnownFileType = image.jpeg; name = v_franklin.jpg; path = ../practica1/practica1/v_franklin.jpg; sourceTree = "<group>"; };
		85F11A521A6C99CB00A8CA9B /* v_michael.jpg */ = {isa = PBXFileReference; lastKnownFileType = image.jpeg; name = v_michael.jpg; path = ../practica1/practica1/v_michael.jpg; sourceTree = "<group>"; };
		85F11A531A6C99CB00A8CA9B /* v_starlet.jpg */ = {isa = PBXFileReference; lastKnownFileType = image.jpeg; name = v_starlet.jpg; path = ../practica1/practica1/v_starlet.jpg; sourceTree = "<group>"; };
		85F11A541A6C99CB00A8CA9B /* v_trevor.jpg */ = {isa = PBXFileReference; lastKnownFileType = image.jpeg; name = v_trevor.jpg; path = ../practica1/practica1/v_trevor.jpg; sourceTree = "<group>"; };
		85F11A5A1A6CB1C000A8CA9B /* SegundaVista.h */ = {isa = PBXFileReference; fileEncoding = 4; lastKnownFileType = sourcecode.c.h; path = SegundaVista.h; sourceTree = "<group>"; };
		85F11A5B1A6CB1C000A8CA9B /* SegundaVista.m */ = {isa = PBXFileReference; fileEncoding = 4; lastKnownFileType = sourcecode.c.objc; path = SegundaVista.m; sourceTree = "<group>"; };
/* End PBXFileReference section */

/* Begin PBXFrameworksBuildPhase section */
		85F119E21A6C972F00A8CA9B /* Frameworks */ = {
			isa = PBXFrameworksBuildPhase;
			buildActionMask = 2147483647;
			files = (
			);
			runOnlyForDeploymentPostprocessing = 0;
		};
		85F119FB1A6C972F00A8CA9B /* Frameworks */ = {
			isa = PBXFrameworksBuildPhase;
			buildActionMask = 2147483647;
			files = (
			);
			runOnlyForDeploymentPostprocessing = 0;
		};
/* End PBXFrameworksBuildPhase section */

/* Begin PBXGroup section */
		85F119DC1A6C972F00A8CA9B = {
			isa = PBXGroup;
			children = (
				85F11A0E1A6C998000A8CA9B /* imgs */,
				85F119E71A6C972F00A8CA9B /* Lab01 */,
				85F11A011A6C972F00A8CA9B /* Lab01Tests */,
				85F119E61A6C972F00A8CA9B /* Products */,
			);
			sourceTree = "<group>";
		};
		85F119E61A6C972F00A8CA9B /* Products */ = {
			isa = PBXGroup;
			children = (
				85F119E51A6C972F00A8CA9B /* Lab01.app */,
				85F119FE1A6C972F00A8CA9B /* Lab01Tests.xctest */,
			);
			name = Products;
			sourceTree = "<group>";
		};
		85F119E71A6C972F00A8CA9B /* Lab01 */ = {
			isa = PBXGroup;
			children = (
				85F119EC1A6C972F00A8CA9B /* AppDelegate.h */,
				85F119ED1A6C972F00A8CA9B /* AppDelegate.m */,
				85F119EF1A6C972F00A8CA9B /* ViewController.h */,
				85F119F01A6C972F00A8CA9B /* ViewController.m */,
				85F11A5A1A6CB1C000A8CA9B /* SegundaVista.h */,
				85F11A5B1A6CB1C000A8CA9B /* SegundaVista.m */,
				85EFFFC31A707BD800A11CAE /* editar.h */,
				85EFFFC41A707BD800A11CAE /* editar.m */,
				85F119F21A6C972F00A8CA9B /* Main.storyboard */,
				85F119F51A6C972F00A8CA9B /* Images.xcassets */,
				85F119F71A6C972F00A8CA9B /* LaunchScreen.xib */,
				85F119E81A6C972F00A8CA9B /* Supporting Files */,
			);
			path = Lab01;
			sourceTree = "<group>";
		};
		85F119E81A6C972F00A8CA9B /* Supporting Files */ = {
			isa = PBXGroup;
			children = (
				85F119E91A6C972F00A8CA9B /* Info.plist */,
				85F119EA1A6C972F00A8CA9B /* main.m */,
			);
			name = "Supporting Files";
			sourceTree = "<group>";
		};
		85F11A011A6C972F00A8CA9B /* Lab01Tests */ = {
			isa = PBXGroup;
			children = (
				85F11A041A6C972F00A8CA9B /* Lab01Tests.m */,
				85F11A021A6C972F00A8CA9B /* Supporting Files */,
			);
			path = Lab01Tests;
			sourceTree = "<group>";
		};
		85F11A021A6C972F00A8CA9B /* Supporting Files */ = {
			isa = PBXGroup;
			children = (
				85F11A031A6C972F00A8CA9B /* Info.plist */,
			);
			name = "Supporting Files";
			sourceTree = "<group>";
		};
		85F11A0E1A6C998000A8CA9B /* imgs */ = {
			isa = PBXGroup;
			children = (
				85F11A501A6C99CB00A8CA9B /* v_chop.jpg */,
				85F11A511A6C99CB00A8CA9B /* v_franklin.jpg */,
				85F11A521A6C99CB00A8CA9B /* v_michael.jpg */,
				85F11A531A6C99CB00A8CA9B /* v_starlet.jpg */,
				85F11A541A6C99CB00A8CA9B /* v_trevor.jpg */,
			);
			name = imgs;
			sourceTree = "<group>";
		};
/* End PBXGroup section */

/* Begin PBXNativeTarget section */
		85F119E41A6C972F00A8CA9B /* Lab01 */ = {
			isa = PBXNativeTarget;
			buildConfigurationList = 85F11A081A6C972F00A8CA9B /* Build configuration list for PBXNativeTarget "Lab01" */;
			buildPhases = (
				85F119E11A6C972F00A8CA9B /* Sources */,
				85F119E21A6C972F00A8CA9B /* Frameworks */,
				85F119E31A6C972F00A8CA9B /* Resources */,
			);
			buildRules = (
			);
			dependencies = (
			);
			name = Lab01;
			productName = Lab01;
			productReference = 85F119E51A6C972F00A8CA9B /* Lab01.app */;
			productType = "com.apple.product-type.application";
		};
		85F119FD1A6C972F00A8CA9B /* Lab01Tests */ = {
			isa = PBXNativeTarget;
			buildConfigurationList = 85F11A0B1A6C972F00A8CA9B /* Build configuration list for PBXNativeTarget "Lab01Tests" */;
			buildPhases = (
				85F119FA1A6C972F00A8CA9B /* Sources */,
				85F119FB1A6C972F00A8CA9B /* Frameworks */,
				85F119FC1A6C972F00A8CA9B /* Resources */,
			);
			buildRules = (
			);
			dependencies = (
				85F11A001A6C972F00A8CA9B /* PBXTargetDependency */,
			);
			name = Lab01Tests;
			productName = Lab01Tests;
			productReference = 85F119FE1A6C972F00A8CA9B /* Lab01Tests.xctest */;
			productType = "com.apple.product-type.bundle.unit-test";
		};
/* End PBXNativeTarget section */

/* Begin PBXProject section */
		85F119DD1A6C972F00A8CA9B /* Project object */ = {
			isa = PBXProject;
			attributes = {
				LastUpgradeCheck = 0610;
				ORGANIZATIONNAME = Taff;
				TargetAttributes = {
					85F119E41A6C972F00A8CA9B = {
						CreatedOnToolsVersion = 6.1.1;
					};
					85F119FD1A6C972F00A8CA9B = {
						CreatedOnToolsVersion = 6.1.1;
						TestTargetID = 85F119E41A6C972F00A8CA9B;
					};
				};
			};
			buildConfigurationList = 85F119E01A6C972F00A8CA9B /* Build configuration list for PBXProject "Lab01" */;
			compatibilityVersion = "Xcode 3.2";
			developmentRegion = English;
			hasScannedForEncodings = 0;
			knownRegions = (
				en,
				Base,
			);
			mainGroup = 85F119DC1A6C972F00A8CA9B;
			productRefGroup = 85F119E61A6C972F00A8CA9B /* Products */;
			projectDirPath = "";
			projectRoot = "";
			targets = (
				85F119E41A6C972F00A8CA9B /* Lab01 */,
				85F119FD1A6C972F00A8CA9B /* Lab01Tests */,
			);
		};
/* End PBXProject section */

/* Begin PBXResourcesBuildPhase section */
		85F119E31A6C972F00A8CA9B /* Resources */ = {
			isa = PBXResourcesBuildPhase;
			buildActionMask = 2147483647;
			files = (
				85F11A561A6C99CB00A8CA9B /* v_franklin.jpg in Resources */,
				85F11A551A6C99CB00A8CA9B /* v_chop.jpg in Resources */,
				85F11A591A6C99CB00A8CA9B /* v_trevor.jpg in Resources */,
				85F11A581A6C99CB00A8CA9B /* v_starlet.jpg in Resources */,
				85F11A571A6C99CB00A8CA9B /* v_michael.jpg in Resources */,
				85F119F41A6C972F00A8CA9B /* Main.storyboard in Resources */,
				85F119F91A6C972F00A8CA9B /* LaunchScreen.xib in Resources */,
				85F119F61A6C972F00A8CA9B /* Images.xcassets in Resources */,
			);
			runOnlyForDeploymentPostprocessing = 0;
		};
		85F119FC1A6C972F00A8CA9B /* Resources */ = {
			isa = PBXResourcesBuildPhase;
			buildActionMask = 2147483647;
			files = (
			);
			runOnlyForDeploymentPostprocessing = 0;
		};
/* End PBXResourcesBuildPhase section */

/* Begin PBXSourcesBuildPhase section */
		85F119E11A6C972F00A8CA9B /* Sources */ = {
			isa = PBXSourcesBuildPhase;
			buildActionMask = 2147483647;
			files = (
				85F119F11A6C972F00A8CA9B /* ViewController.m in Sources */,
				85F119EE1A6C972F00A8CA9B /* AppDelegate.m in Sources */,
				85F119EB1A6C972F00A8CA9B /* main.m in Sources */,
				85F11A5C1A6CB1C000A8CA9B /* SegundaVista.m in Sources */,
				85EFFFC51A707BD800A11CAE /* editar.m in Sources */,
			);
			runOnlyForDeploymentPostprocessing = 0;
		};
		85F119FA1A6C972F00A8CA9B /* Sources */ = {
			isa = PBXSourcesBuildPhase;
			buildActionMask = 2147483647;
			files = (
				85F11A051A6C972F00A8CA9B /* Lab01Tests.m in Sources */,
			);
			runOnlyForDeploymentPostprocessing = 0;
		};
/* End PBXSourcesBuildPhase section */

/* Begin PBXTargetDependency section */
		85F11A001A6C972F00A8CA9B /* PBXTargetDependency */ = {
			isa = PBXTargetDependency;
			target = 85F119E41A6C972F00A8CA9B /* Lab01 */;
			targetProxy = 85F119FF1A6C972F00A8CA9B /* PBXContainerItemProxy */;
		};
/* End PBXTargetDependency section */

/* Begin PBXVariantGroup section */
		85F119F21A6C972F00A8CA9B /* Main.storyboard */ = {
			isa = PBXVariantGroup;
			children = (
				85F119F31A6C972F00A8CA9B /* Base */,
			);
			name = Main.storyboard;
			sourceTree = "<group>";
		};
		85F119F71A6C972F00A8CA9B /* LaunchScreen.xib */ = {
			isa = PBXVariantGroup;
			children = (
				85F119F81A6C972F00A8CA9B /* Base */,
			);
			name = LaunchScreen.xib;
			sourceTree = "<group>";
		};
/* End PBXVariantGroup section */

/* Begin XCBuildConfiguration section */
		85F11A061A6C972F00A8CA9B /* Debug */ = {
			isa = XCBuildConfiguration;
			buildSettings = {
				ALWAYS_SEARCH_USER_PATHS = NO;
				CLANG_CXX_LANGUAGE_STANDARD = "gnu++0x";
				CLANG_CXX_LIBRARY = "libc++";
				CLANG_ENABLE_MODULES = YES;
				CLANG_ENABLE_OBJC_ARC = YES;
				CLANG_WARN_BOOL_CONVERSION = YES;
				CLANG_WARN_CONSTANT_CONVERSION = YES;
				CLANG_WARN_DIRECT_OBJC_ISA_USAGE = YES_ERROR;
				CLANG_WARN_EMPTY_BODY = YES;
				CLANG_WARN_ENUM_CONVERSION = YES;
				CLANG_WARN_INT_CONVERSION = YES;
				CLANG_WARN_OBJC_ROOT_CLASS = YES_ERROR;
				CLANG_WARN_UNREACHABLE_CODE = YES;
				CLANG_WARN__DUPLICATE_METHOD_MATCH = YES;
				"CODE_SIGN_IDENTITY[sdk=iphoneos*]" = "iPhone Developer";
				COPY_PHASE_STRIP = NO;
				ENABLE_STRICT_OBJC_MSGSEND = YES;
				GCC_C_LANGUAGE_STANDARD = gnu99;
				GCC_DYNAMIC_NO_PIC = NO;
				GCC_OPTIMIZATION_LEVEL = 0;
				GCC_PREPROCESSOR_DEFINITIONS = (
					"DEBUG=1",
					"$(inherited)",
				);
				GCC_SYMBOLS_PRIVATE_EXTERN = NO;
				GCC_WARN_64_TO_32_BIT_CONVERSION = YES;
				GCC_WARN_ABOUT_RETURN_TYPE = YES_ERROR;
				GCC_WARN_UNDECLARED_SELECTOR = YES;
				GCC_WARN_UNINITIALIZED_AUTOS = YES_AGGRESSIVE;
				GCC_WARN_UNUSED_FUNCTION = YES;
				GCC_WARN_UNUSED_VARIABLE = YES;
				IPHONEOS_DEPLOYMENT_TARGET = 8.1;
				MTL_ENABLE_DEBUG_INFO = YES;
				ONLY_ACTIVE_ARCH = YES;
				SDKROOT = iphoneos;
			};
			name = Debug;
		};
		85F11A071A6C972F00A8CA9B /* Release */ = {
			isa = XCBuildConfiguration;
			buildSettings = {
				ALWAYS_SEARCH_USER_PATHS = NO;
				CLANG_CXX_LANGUAGE_STANDARD = "gnu++0x";
				CLANG_CXX_LIBRARY = "libc++";
				CLANG_ENABLE_MODULES = YES;
				CLANG_ENABLE_OBJC_ARC = YES;
				CLANG_WARN_BOOL_CONVERSION = YES;
				CLANG_WARN_CONSTANT_CONVERSION = YES;
				CLANG_WARN_DIRECT_OBJC_ISA_USAGE = YES_ERROR;
				CLANG_WARN_EMPTY_BODY = YES;
				CLANG_WARN_ENUM_CONVERSION = YES;
				CLANG_WARN_INT_CONVERSION = YES;
				CLANG_WARN_OBJC_ROOT_CLASS = YES_ERROR;
				CLANG_WARN_UNREACHABLE_CODE = YES;
				CLANG_WARN__DUPLICATE_METHOD_MATCH = YES;
				"CODE_SIGN_IDENTITY[sdk=iphoneos*]" = "iPhone Developer";
				COPY_PHASE_STRIP = YES;
				ENABLE_NS_ASSERTIONS = NO;
				ENABLE_STRICT_OBJC_MSGSEND = YES;
				GCC_C_LANGUAGE_STANDARD = gnu99;
				GCC_WARN_64_TO_32_BIT_CONVERSION = YES;
				GCC_WARN_ABOUT_RETURN_TYPE = YES_ERROR;
				GCC_WARN_UNDECLARED_SELECTOR = YES;
				GCC_WARN_UNINITIALIZED_AUTOS = YES_AGGRESSIVE;
				GCC_WARN_UNUSED_FUNCTION = YES;
				GCC_WARN_UNUSED_VARIABLE = YES;
				IPHONEOS_DEPLOYMENT_TARGET = 8.1;
				MTL_ENABLE_DEBUG_INFO = NO;
				SDKROOT = iphoneos;
				VALIDATE_PRODUCT = YES;
			};
			name = Release;
		};
		85F11A091A6C972F00A8CA9B /* Debug */ = {
			isa = XCBuildConfiguration;
			buildSettings = {
				ASSETCATALOG_COMPILER_APPICON_NAME = AppIcon;
				INFOPLIST_FILE = Lab01/Info.plist;
				LD_RUNPATH_SEARCH_PATHS = "$(inherited) @executable_path/Frameworks";
				PRODUCT_NAME = "$(TARGET_NAME)";
			};
			name = Debug;
		};
		85F11A0A1A6C972F00A8CA9B /* Release */ = {
			isa = XCBuildConfiguration;
			buildSettings = {
				ASSETCATALOG_COMPILER_APPICON_NAME = AppIcon;
				INFOPLIST_FILE = Lab01/Info.plist;
				LD_RUNPATH_SEARCH_PATHS = "$(inherited) @executable_path/Frameworks";
				PRODUCT_NAME = "$(TARGET_NAME)";
			};
			name = Release;
		};
		85F11A0C1A6C972F00A8CA9B /* Debug */ = {
			isa = XCBuildConfiguration;
			buildSettings = {
				BUNDLE_LOADER = "$(TEST_HOST)";
				FRAMEWORK_SEARCH_PATHS = (
					"$(SDKROOT)/Developer/Library/Frameworks",
					"$(inherited)",
				);
				GCC_PREPROCESSOR_DEFINITIONS = (
					"DEBUG=1",
					"$(inherited)",
				);
				INFOPLIST_FILE = Lab01Tests/Info.plist;
				LD_RUNPATH_SEARCH_PATHS = "$(inherited) @executable_path/Frameworks @loader_path/Frameworks";
				PRODUCT_NAME = "$(TARGET_NAME)";
				TEST_HOST = "$(BUILT_PRODUCTS_DIR)/Lab01.app/Lab01";
			};
			name = Debug;
		};
		85F11A0D1A6C972F00A8CA9B /* Release */ = {
			isa = XCBuildConfiguration;
			buildSettings = {
				BUNDLE_LOADER = "$(TEST_HOST)";
				FRAMEWORK_SEARCH_PATHS = (
					"$(SDKROOT)/Developer/Library/Frameworks",
					"$(inherited)",
				);
				INFOPLIST_FILE = Lab01Tests/Info.plist;
				LD_RUNPATH_SEARCH_PATHS = "$(inherited) @executable_path/Frameworks @loader_path/Frameworks";
				PRODUCT_NAME = "$(TARGET_NAME)";
				TEST_HOST = "$(BUILT_PRODUCTS_DIR)/Lab01.app/Lab01";
			};
			name = Release;
		};
/* End XCBuildConfiguration section */

/* Begin XCConfigurationList section */
		85F119E01A6C972F00A8CA9B /* Build configuration list for PBXProject "Lab01" */ = {
			isa = XCConfigurationList;
			buildConfigurations = (
				85F11A061A6C972F00A8CA9B /* Debug */,
				85F11A071A6C972F00A8CA9B /* Release */,
			);
			defaultConfigurationIsVisible = 0;
			defaultConfigurationName = Release;
		};
		85F11A081A6C972F00A8CA9B /* Build configuration list for PBXNativeTarget "Lab01" */ = {
			isa = XCConfigurationList;
			buildConfigurations = (
				85F11A091A6C972F00A8CA9B /* Debug */,
				85F11A0A1A6C972F00A8CA9B /* Release */,
			);
			defaultConfigurationIsVisible = 0;
			defaultConfigurationName = Release;
		};
		85F11A0B1A6C972F00A8CA9B /* Build configuration list for PBXNativeTarget "Lab01Tests" */ = {
			isa = XCConfigurationList;
			buildConfigurations = (
				85F11A0C1A6C972F00A8CA9B /* Debug */,
				85F11A0D1A6C972F00A8CA9B /* Release */,
			);
			defaultConfigurationIsVisible = 0;
			defaultConfigurationName = Release;
		};
/* End XCConfigurationList section */
	};
	rootObject = 85F119DD1A6C972F00A8CA9B /* Project object */;
}
